{"version":4,"terraform_version":"1.10.7","serial":2,"lineage":"e7604ce9-a101-d207-1aab-1703c687897d","outputs":{},"resources":[{"mode":"data","type":"keycloak_realm","name":"master","provider":"provider[\"registry.opentofu.org/keycloak/keycloak\"]","instances":[{"schema_version":0,"attributes":{"access_code_lifespan":"1m0s","access_code_lifespan_login":"30m0s","access_code_lifespan_user_action":"5m0s","access_token_lifespan":"1m0s","access_token_lifespan_for_implicit_flow":"15m0s","account_theme":"","action_token_generated_by_admin_lifespan":"12h0m0s","action_token_generated_by_user_lifespan":"5m0s","admin_theme":"","attributes":{},"browser_flow":"browser","client_authentication_flow":"clients","client_session_idle_timeout":"0s","client_session_max_lifespan":"0s","default_default_client_scopes":[],"default_optional_client_scopes":[],"default_signature_algorithm":"RS256","direct_grant_flow":"direct grant","display_name":"Keycloak","display_name_html":"\u003cdiv class=\"kc-logo-text\"\u003e\u003cspan\u003eKeycloak\u003c/span\u003e\u003c/div\u003e","docker_authentication_flow":"docker auth","duplicate_emails_allowed":false,"edit_username_allowed":false,"email_theme":"","enabled":true,"id":"master","internal_id":"b034751f-23be-44cf-a7ea-779c66ddeae6","internationalization":[],"login_theme":"","login_with_email_allowed":true,"oauth2_device_code_lifespan":"10m0s","oauth2_device_polling_interval":5,"offline_session_idle_timeout":"720h0m0s","offline_session_max_lifespan":"1440h0m0s","offline_session_max_lifespan_enabled":false,"otp_policy":[{"algorithm":"HmacSHA1","digits":6,"initial_counter":0,"look_ahead_window":1,"period":30,"type":"totp"}],"password_policy":"","realm":"master","refresh_token_max_reuse":0,"registration_allowed":false,"registration_email_as_username":false,"registration_flow":"registration","remember_me":false,"reset_credentials_flow":"reset credentials","reset_password_allowed":false,"revoke_refresh_token":false,"security_defenses":null,"smtp_server":[],"ssl_required":"external","sso_session_idle_timeout":"30m0s","sso_session_idle_timeout_remember_me":"0s","sso_session_max_lifespan":"10h0m0s","sso_session_max_lifespan_remember_me":"0s","user_managed_access":false,"verify_email":false,"web_authn_passwordless_policy":[{"acceptable_aaguids":[],"attestation_conveyance_preference":"not specified","authenticator_attachment":"not specified","avoid_same_authenticator_register":false,"create_timeout":0,"relying_party_entity_name":"keycloak","relying_party_id":"","require_resident_key":"Yes","signature_algorithms":["ES256","RS256"],"user_verification_requirement":"required"}],"web_authn_policy":[{"acceptable_aaguids":[],"attestation_conveyance_preference":"not specified","authenticator_attachment":"not specified","avoid_same_authenticator_register":false,"create_timeout":0,"relying_party_entity_name":"keycloak","relying_party_id":"","require_resident_key":"not specified","signature_algorithms":["ES256","RS256"],"user_verification_requirement":"not specified"}]},"sensitive_attributes":[]}]},{"mode":"managed","type":"keycloak_openid_client","name":"test_client","provider":"provider[\"registry.opentofu.org/keycloak/keycloak\"]","instances":[{"schema_version":0,"attributes":{"access_token_lifespan":"","access_type":"PUBLIC","admin_url":"","authentication_flow_binding_overrides":[],"authorization":[],"backchannel_logout_revoke_offline_sessions":false,"backchannel_logout_session_required":true,"backchannel_logout_url":"","base_url":"","client_authenticator_type":"client-secret","client_id":"test_client","client_offline_session_idle_timeout":"","client_offline_session_max_lifespan":"","client_secret":"","client_session_idle_timeout":"","client_session_max_lifespan":"","consent_required":false,"consent_screen_text":"","description":"","direct_access_grants_enabled":true,"display_on_consent_screen":false,"enabled":true,"exclude_session_state_from_auth_response":null,"extra_config":null,"frontchannel_logout_enabled":false,"frontchannel_logout_url":"","full_scope_allowed":true,"id":"96552470-d19b-4c5e-a60b-38964ece2123","implicit_flow_enabled":false,"import":false,"login_theme":"","name":"test_client","oauth2_device_authorization_grant_enabled":false,"oauth2_device_code_lifespan":"","oauth2_device_polling_interval":"","pkce_code_challenge_method":null,"realm_id":"master","resource_server_id":null,"root_url":"","service_account_user_id":"","service_accounts_enabled":false,"standard_flow_enabled":false,"use_refresh_tokens":true,"use_refresh_tokens_client_credentials":false,"valid_post_logout_redirect_uris":[],"valid_redirect_uris":[],"web_origins":[]},"sensitive_attributes":[[{"type":"get_attr","value":"client_secret"}]],"private":"bnVsbA==","dependencies":["data.keycloak_realm.master"]}]},{"mode":"managed","type":"keycloak_openid_client_default_scopes","name":"client_default_scopes","provider":"provider[\"registry.opentofu.org/keycloak/keycloak\"]","instances":[{"schema_version":0,"attributes":{"client_id":"96552470-d19b-4c5e-a60b-38964ece2123","default_scopes":["email","profile","roles","web-origins"],"id":"master/96552470-d19b-4c5e-a60b-38964ece2123","realm_id":"master"},"sensitive_attributes":[],"private":"bnVsbA==","dependencies":["data.keycloak_realm.master","keycloak_openid_client.test_client"]}]},{"mode":"managed","type":"keycloak_user","name":"test_root","provider":"provider[\"registry.opentofu.org/keycloak/keycloak\"]","instances":[{"schema_version":0,"attributes":{"attributes":null,"email":"","email_verified":false,"enabled":true,"federated_identity":[],"first_name":"","id":"94fe9b06-007e-4750-a21c-1c588d721401","import":false,"initial_password":[{"temporary":false,"value":"test-root-password"}],"last_name":"","realm_id":"master","required_actions":null,"username":"test_root"},"sensitive_attributes":[[{"type":"get_attr","value":"initial_password"},{"type":"index","value":{"value":0,"type":"number"}},{"type":"get_attr","value":"value"}]],"private":"bnVsbA==","dependencies":["data.keycloak_realm.master"]}]},{"mode":"managed","type":"keycloak_user","name":"test_user","provider":"provider[\"registry.opentofu.org/keycloak/keycloak\"]","instances":[{"schema_version":0,"attributes":{"attributes":null,"email":"","email_verified":false,"enabled":true,"federated_identity":[],"first_name":"","id":"25207525-1a8c-41b6-abde-4de92da9c100","import":false,"initial_password":[{"temporary":false,"value":"test-user-password"}],"last_name":"","realm_id":"master","required_actions":null,"username":"test_user"},"sensitive_attributes":[[{"type":"get_attr","value":"initial_password"},{"type":"index","value":{"value":0,"type":"number"}},{"type":"get_attr","value":"value"}]],"private":"bnVsbA==","dependencies":["data.keycloak_realm.master"]}]}],"check_results":null}
